
Microsoft Visual Studio Solution File, Format Version 12.00
# Visual Studio 2013
VisualStudioVersion = 12.0.20827.3
MinimumVisualStudioVersion = 10.0.40219.1
Project("{FAE04EC0-301F-11D3-BF4B-00C04F79EFBC}") = "Twitter", "Twitter\Twitter.csproj", "{B6A3B9D1-D6DB-409F-8844-82BEDC9CFC48}"
EndProject
Project("{FAE04EC0-301F-11D3-BF4B-00C04F79EFBC}") = "Twitter.Models", "Twitter.Model\Twitter.Models.csproj", "{E777DDA3-281C-40EF-8327-E9BB62A88876}"
EndProject
Project("{FAE04EC0-301F-11D3-BF4B-00C04F79EFBC}") = "Twitter.Data", "Twitter.Data\Twitter.Data.csproj", "{519D72EF-497E-4D68-A72E-F1E721DE8FD3}"
EndProject
Global
	GlobalSection(SolutionConfigurationPlatforms) = preSolution
		Debug|Any CPU = Debug|Any CPU
		Release|Any CPU = Release|Any CPU
	EndGlobalSection
	GlobalSection(ProjectConfigurationPlatforms) = postSolution
		{B6A3B9D1-D6DB-409F-8844-82BEDC9CFC48}.Debug|Any CPU.ActiveCfg = Debug|Any CPU
		{B6A3B9D1-D6DB-409F-8844-82BEDC9CFC48}.Debug|Any CPU.Build.0 = Debug|Any CPU
		{B6A3B9D1-D6DB-409F-8844-82BEDC9CFC48}.Release|Any CPU.ActiveCfg = Release|Any CPU
		{B6A3B9D1-D6DB-409F-8844-82BEDC9CFC48}.Release|Any CPU.Build.0 = Release|Any CPU
		{E777DDA3-281C-40EF-8327-E9BB62A88876}.Debug|Any CPU.ActiveCfg = Debug|Any CPU
		{E777DDA3-281C-40EF-8327-E9BB62A88876}.Debug|Any CPU.Build.0 = Debug|Any CPU
		{E777DDA3-281C-40EF-8327-E9BB62A88876}.Release|Any CPU.ActiveCfg = Release|Any CPU
		{E777DDA3-281C-40EF-8327-E9BB62A88876}.Release|Any CPU.Build.0 = Release|Any CPU
		{519D72EF-497E-4D68-A72E-F1E721DE8FD3}.Debug|Any CPU.ActiveCfg = Debug|Any CPU
		{519D72EF-497E-4D68-A72E-F1E721DE8FD3}.Debug|Any CPU.Build.0 = Debug|Any CPU
		{519D72EF-497E-4D68-A72E-F1E721DE8FD3}.Release|Any CPU.ActiveCfg = Release|Any CPU
		{519D72EF-497E-4D68-A72E-F1E721DE8FD3}.Release|Any CPU.Build.0 = Release|Any CPU
	EndGlobalSection
	GlobalSection(SolutionProperties) = preSolution
		HideSolutionNode = FALSE
	EndGlobalSection
EndGlobal
