
Microsoft Visual Studio Solution File, Format Version 12.00
# Visual Studio 2012
Project("{FAE04EC0-301F-11D3-BF4B-00C04F79EFBC}") = "BloggingSystem.Models", "BloggingSystem.Models\BloggingSystem.Models.csproj", "{DD4F6463-B779-43CF-9121-11EDCB4F284A}"
EndProject
Project("{FAE04EC0-301F-11D3-BF4B-00C04F79EFBC}") = "BloggingSystem.Data", "BloggingSystem.Data\BloggingSystem.Data.csproj", "{3F5173D8-D99A-471B-BD78-FE6E366B3A23}"
EndProject
Project("{FAE04EC0-301F-11D3-BF4B-00C04F79EFBC}") = "BloggingSystem.Services", "BloggingSystem.Services\BloggingSystem.Services.csproj", "{F5A73466-D7E7-4BD0-93BF-53AF2A5DA31D}"
EndProject
Global
	GlobalSection(SolutionConfigurationPlatforms) = preSolution
		Debug|Any CPU = Debug|Any CPU
		Release|Any CPU = Release|Any CPU
	EndGlobalSection
	GlobalSection(ProjectConfigurationPlatforms) = postSolution
		{DD4F6463-B779-43CF-9121-11EDCB4F284A}.Debug|Any CPU.ActiveCfg = Debug|Any CPU
		{DD4F6463-B779-43CF-9121-11EDCB4F284A}.Debug|Any CPU.Build.0 = Debug|Any CPU
		{DD4F6463-B779-43CF-9121-11EDCB4F284A}.Release|Any CPU.ActiveCfg = Release|Any CPU
		{DD4F6463-B779-43CF-9121-11EDCB4F284A}.Release|Any CPU.Build.0 = Release|Any CPU
		{3F5173D8-D99A-471B-BD78-FE6E366B3A23}.Debug|Any CPU.ActiveCfg = Debug|Any CPU
		{3F5173D8-D99A-471B-BD78-FE6E366B3A23}.Debug|Any CPU.Build.0 = Debug|Any CPU
		{3F5173D8-D99A-471B-BD78-FE6E366B3A23}.Release|Any CPU.ActiveCfg = Release|Any CPU
		{3F5173D8-D99A-471B-BD78-FE6E366B3A23}.Release|Any CPU.Build.0 = Release|Any CPU
		{F5A73466-D7E7-4BD0-93BF-53AF2A5DA31D}.Debug|Any CPU.ActiveCfg = Debug|Any CPU
		{F5A73466-D7E7-4BD0-93BF-53AF2A5DA31D}.Debug|Any CPU.Build.0 = Debug|Any CPU
		{F5A73466-D7E7-4BD0-93BF-53AF2A5DA31D}.Release|Any CPU.ActiveCfg = Release|Any CPU
		{F5A73466-D7E7-4BD0-93BF-53AF2A5DA31D}.Release|Any CPU.Build.0 = Release|Any CPU
	EndGlobalSection
	GlobalSection(SolutionProperties) = preSolution
		HideSolutionNode = FALSE
	EndGlobalSection
EndGlobal
