
Microsoft Visual Studio Solution File, Format Version 12.00
# Visual Studio 2013
VisualStudioVersion = 12.0.20827.3
MinimumVisualStudioVersion = 10.0.40219.1
Project("{FAE04EC0-301F-11D3-BF4B-00C04F79EFBC}") = "MovieSystem.Models", "MovieSystem.Models\MovieSystem.Models.csproj", "{9364927D-FBB4-43A6-9781-2E51ECC540AB}"
EndProject
Project("{FAE04EC0-301F-11D3-BF4B-00C04F79EFBC}") = "MovieSystem.Data", "MovieSystem.Data\MovieSystem.Data.csproj", "{11A0D487-15BE-4254-B910-3C00379D0F67}"
EndProject
Project("{FAE04EC0-301F-11D3-BF4B-00C04F79EFBC}") = "MovieSystem.MVC", "MovieSystem.MVC\MovieSystem.MVC.csproj", "{28794C33-03CB-401D-85C4-8D770F77028D}"
EndProject
Global
	GlobalSection(SolutionConfigurationPlatforms) = preSolution
		Debug|Any CPU = Debug|Any CPU
		Release|Any CPU = Release|Any CPU
	EndGlobalSection
	GlobalSection(ProjectConfigurationPlatforms) = postSolution
		{9364927D-FBB4-43A6-9781-2E51ECC540AB}.Debug|Any CPU.ActiveCfg = Debug|Any CPU
		{9364927D-FBB4-43A6-9781-2E51ECC540AB}.Debug|Any CPU.Build.0 = Debug|Any CPU
		{9364927D-FBB4-43A6-9781-2E51ECC540AB}.Release|Any CPU.ActiveCfg = Release|Any CPU
		{9364927D-FBB4-43A6-9781-2E51ECC540AB}.Release|Any CPU.Build.0 = Release|Any CPU
		{11A0D487-15BE-4254-B910-3C00379D0F67}.Debug|Any CPU.ActiveCfg = Debug|Any CPU
		{11A0D487-15BE-4254-B910-3C00379D0F67}.Debug|Any CPU.Build.0 = Debug|Any CPU
		{11A0D487-15BE-4254-B910-3C00379D0F67}.Release|Any CPU.ActiveCfg = Release|Any CPU
		{11A0D487-15BE-4254-B910-3C00379D0F67}.Release|Any CPU.Build.0 = Release|Any CPU
		{28794C33-03CB-401D-85C4-8D770F77028D}.Debug|Any CPU.ActiveCfg = Debug|Any CPU
		{28794C33-03CB-401D-85C4-8D770F77028D}.Debug|Any CPU.Build.0 = Debug|Any CPU
		{28794C33-03CB-401D-85C4-8D770F77028D}.Release|Any CPU.ActiveCfg = Release|Any CPU
		{28794C33-03CB-401D-85C4-8D770F77028D}.Release|Any CPU.Build.0 = Release|Any CPU
	EndGlobalSection
	GlobalSection(SolutionProperties) = preSolution
		HideSolutionNode = FALSE
	EndGlobalSection
EndGlobal
